
Microsoft Visual Studio Solution File, Format Version 12.00
Project("{FAE04EC0-301F-11D3-BF4B-00C04F79EFBC}") = "AirTicketService", "AirTicketService\AirTicketService.csproj", "{EB83D61E-1934-4A1C-B77F-AEC0EEA83DC7}"
EndProject
Project("{2150E333-8FDC-42A3-9474-1A3956D46DE8}") = "Solution Items", "Solution Items", "{7A59D0F5-934F-4E5D-8DE6-0EA5A454E24A}"
	ProjectSection(SolutionItems) = preProject
		docker-compose.yml = docker-compose.yml
	EndProjectSection
EndProject
Project("{FAE04EC0-301F-11D3-BF4B-00C04F79EFBC}") = "AirTicketDataAccess", "AirTicketDataAccess\AirTicketDataAccess.csproj", "{A97BF611-CC47-4F89-AF4F-260AAD6F4222}"
EndProject
Project("{FAE04EC0-301F-11D3-BF4B-00C04F79EFBC}") = "AirTicketBL", "AirTicketBL\AirTicketBL.csproj", "{0FB84E2D-724B-40D7-948E-914273AE3430}"
EndProject
Global
	GlobalSection(SolutionConfigurationPlatforms) = preSolution
		Debug|Any CPU = Debug|Any CPU
		Release|Any CPU = Release|Any CPU
	EndGlobalSection
	GlobalSection(ProjectConfigurationPlatforms) = postSolution
		{EB83D61E-1934-4A1C-B77F-AEC0EEA83DC7}.Debug|Any CPU.ActiveCfg = Debug|Any CPU
		{EB83D61E-1934-4A1C-B77F-AEC0EEA83DC7}.Debug|Any CPU.Build.0 = Debug|Any CPU
		{EB83D61E-1934-4A1C-B77F-AEC0EEA83DC7}.Release|Any CPU.ActiveCfg = Release|Any CPU
		{EB83D61E-1934-4A1C-B77F-AEC0EEA83DC7}.Release|Any CPU.Build.0 = Release|Any CPU
		{A97BF611-CC47-4F89-AF4F-260AAD6F4222}.Debug|Any CPU.ActiveCfg = Debug|Any CPU
		{A97BF611-CC47-4F89-AF4F-260AAD6F4222}.Debug|Any CPU.Build.0 = Debug|Any CPU
		{A97BF611-CC47-4F89-AF4F-260AAD6F4222}.Release|Any CPU.ActiveCfg = Release|Any CPU
		{A97BF611-CC47-4F89-AF4F-260AAD6F4222}.Release|Any CPU.Build.0 = Release|Any CPU
		{0FB84E2D-724B-40D7-948E-914273AE3430}.Debug|Any CPU.ActiveCfg = Debug|Any CPU
		{0FB84E2D-724B-40D7-948E-914273AE3430}.Debug|Any CPU.Build.0 = Debug|Any CPU
		{0FB84E2D-724B-40D7-948E-914273AE3430}.Release|Any CPU.ActiveCfg = Release|Any CPU
		{0FB84E2D-724B-40D7-948E-914273AE3430}.Release|Any CPU.Build.0 = Release|Any CPU
	EndGlobalSection
EndGlobal
